
Microsoft Visual Studio Solution File, Format Version 12.00
# Visual Studio Version 16
VisualStudioVersion = 16.0.29521.150
MinimumVisualStudioVersion = 10.0.40219.1
Project("{9A19103F-16F7-4668-BE54-9A1E7A4F7556}") = "Blazor-Kanban-Crud-UrlAdaptor", "Blazor-Kanban-Crud-UrlAdaptor.csproj", "{6392F16B-AAFB-439C-9B56-3BB063DDADF6}"
EndProject
Global
	GlobalSection(SolutionConfigurationPlatforms) = preSolution
		Debug|Any CPU = Debug|Any CPU
		Release|Any CPU = Release|Any CPU
	EndGlobalSection
	GlobalSection(ProjectConfigurationPlatforms) = postSolution
		{6392F16B-AAFB-439C-9B56-3BB063DDADF6}.Debug|Any CPU.ActiveCfg = Debug|Any CPU
		{6392F16B-AAFB-439C-9B56-3BB063DDADF6}.Debug|Any CPU.Build.0 = Debug|Any CPU
		{6392F16B-AAFB-439C-9B56-3BB063DDADF6}.Release|Any CPU.ActiveCfg = Release|Any CPU
		{6392F16B-AAFB-439C-9B56-3BB063DDADF6}.Release|Any CPU.Build.0 = Release|Any CPU
	EndGlobalSection
	GlobalSection(SolutionProperties) = preSolution
		HideSolutionNode = FALSE
	EndGlobalSection
	GlobalSection(ExtensibilityGlobals) = postSolution
		SolutionGuid = {6E11B085-DA90-4E0F-B90D-1898843A92C1}
	EndGlobalSection
EndGlobal
